{
  "originHash" : "6201475f46fa030b7bab63e44602ef84e6e1fe8d7bb67576cc82ab7f16fe6226",
  "pins" : [
    {
      "identity" : "fluidaudio",
      "kind" : "remoteSourceControl",
      "location" : "https://github.com/FluidInference/FluidAudio",
      "state" : {
        "revision" : "a6a0e2cb054d77c2bd6defef692fae3ebfb55437",
        "version" : "0.7.9"
      }
    },
    {
      "identity" : "keyboardshortcuts",
      "kind" : "remoteSourceControl",
      "location" : "https://github.com/sindresorhus/KeyboardShortcuts",
      "state" : {
        "revision" : "045cf174010beb335fa1d2567d18c057b8787165",
        "version" : "2.3.0"
      }
    },
    {
      "identity" : "sparkle",
      "kind" : "remoteSourceControl",
      "location" : "https://github.com/sparkle-project/Sparkle",
      "state" : {
        "revision" : "9a1d2a19d3595fcf8d9c447173f9a1687b3dcadb",
        "version" : "2.8.0"
      }
    }
  ],
  "version" : 3
}
